// !$*UTF8*$!
{
	archiveVersion = 1;
	classes = {
	};
	objectVersion = 46;
	objects = {

/* Begin PBXBuildFile section */
		81003B531AF3758300600ED6 /* MainCollectionViewCell.swift in Sources */ = {isa = PBXBuildFile; fileRef = 81003B521AF3758300600ED6 /* MainCollectionViewCell.swift */; };
		81003B551AF37A0B00600ED6 /* ValueLabelTableViewCell.swift in Sources */ = {isa = PBXBuildFile; fileRef = 81003B541AF37A0B00600ED6 /* ValueLabelTableViewCell.swift */; };
		81003B571AF37A4300600ED6 /* ValueInputTableViewCell.swift in Sources */ = {isa = PBXBuildFile; fileRef = 81003B561AF37A4300600ED6 /* ValueInputTableViewCell.swift */; };
		81003B591AF5B4AB00600ED6 /* ListDisplayTableViewCell.swift in Sources */ = {isa = PBXBuildFile; fileRef = 81003B581AF5B4AB00600ED6 /* ListDisplayTableViewCell.swift */; };
		81003B5B1AF5B4EF00600ED6 /* ListDisplayViewController.swift in Sources */ = {isa = PBXBuildFile; fileRef = 81003B5A1AF5B4EF00600ED6 /* ListDisplayViewController.swift */; };
		812DC97F1AF8D2BC000E9380 /* 1430837487_next-32.png in Resources */ = {isa = PBXBuildFile; fileRef = 812DC97E1AF8D2BC000E9380 /* 1430837487_next-32.png */; };
		812DC9811AF8D33D000E9380 /* 1430837494_previous-32.png in Resources */ = {isa = PBXBuildFile; fileRef = 812DC9801AF8D33D000E9380 /* 1430837494_previous-32.png */; };
		812DC9831AF8D571000E9380 /* 1430836978_calendar-24.png in Resources */ = {isa = PBXBuildFile; fileRef = 812DC9821AF8D571000E9380 /* 1430836978_calendar-24.png */; };
		812DC9861AF9E6F9000E9380 /* テンキー.png in Resources */ = {isa = PBXBuildFile; fileRef = 812DC9851AF9E6F9000E9380 /* テンキー.png */; };
		812DC9921AF9EADC000E9380 /* テンキーBack.png in Resources */ = {isa = PBXBuildFile; fileRef = 812DC9871AF9EADC000E9380 /* テンキーBack.png */; };
		812DC9931AF9EADC000E9380 /* テンキーDot.png in Resources */ = {isa = PBXBuildFile; fileRef = 812DC9881AF9EADC000E9380 /* テンキーDot.png */; };
		812DC9941AF9EADC000E9380 /* テンキー9.png in Resources */ = {isa = PBXBuildFile; fileRef = 812DC9891AF9EADC000E9380 /* テンキー9.png */; };
		812DC9951AF9EADC000E9380 /* テンキー8.png in Resources */ = {isa = PBXBuildFile; fileRef = 812DC98A1AF9EADC000E9380 /* テンキー8.png */; };
		812DC9961AF9EADC000E9380 /* テンキー7.png in Resources */ = {isa = PBXBuildFile; fileRef = 812DC98B1AF9EADC000E9380 /* テンキー7.png */; };
		812DC9971AF9EADC000E9380 /* テンキー6.png in Resources */ = {isa = PBXBuildFile; fileRef = 812DC98C1AF9EADC000E9380 /* テンキー6.png */; };
		812DC9981AF9EADC000E9380 /* テンキー5.png in Resources */ = {isa = PBXBuildFile; fileRef = 812DC98D1AF9EADC000E9380 /* テンキー5.png */; };
		812DC9991AF9EADC000E9380 /* テンキー4.png in Resources */ = {isa = PBXBuildFile; fileRef = 812DC98E1AF9EADC000E9380 /* テンキー4.png */; };
		812DC99A1AF9EADC000E9380 /* テンキー3.png in Resources */ = {isa = PBXBuildFile; fileRef = 812DC98F1AF9EADC000E9380 /* テンキー3.png */; };
		812DC99B1AF9EADC000E9380 /* テンキー2.png in Resources */ = {isa = PBXBuildFile; fileRef = 812DC9901AF9EADC000E9380 /* テンキー2.png */; };
		812DC99C1AF9EADC000E9380 /* テンキー1.png in Resources */ = {isa = PBXBuildFile; fileRef = 812DC9911AF9EADC000E9380 /* テンキー1.png */; };
		812DC99E1AF9EC32000E9380 /* TenKeyTableViewCell.swift in Sources */ = {isa = PBXBuildFile; fileRef = 812DC99D1AF9EC32000E9380 /* TenKeyTableViewCell.swift */; };
		81C9D9491AF61B75009C7328 /* CalendarViewController.swift in Sources */ = {isa = PBXBuildFile; fileRef = 81C9D9481AF61B75009C7328 /* CalendarViewController.swift */; };
		81C9D94B1AF61F10009C7328 /* CalendarCollectionViewCell.swift in Sources */ = {isa = PBXBuildFile; fileRef = 81C9D94A1AF61F10009C7328 /* CalendarCollectionViewCell.swift */; };
		81C9D94D1AF70EB3009C7328 /* GraphViewController.swift in Sources */ = {isa = PBXBuildFile; fileRef = 81C9D94C1AF70EB3009C7328 /* GraphViewController.swift */; };
		81D76DDF1AF8CB380080D5FA /* 1430837614_Stock Index Up.png in Resources */ = {isa = PBXBuildFile; fileRef = 81D76DD61AF8CB380080D5FA /* 1430837614_Stock Index Up.png */; };
		81D76DE01AF8CB380080D5FA /* 1430837623_Stock Index Down.png in Resources */ = {isa = PBXBuildFile; fileRef = 81D76DD71AF8CB380080D5FA /* 1430837623_Stock Index Down.png */; };
		81D76DE11AF8CB380080D5FA /* 1430837494_previous-128.png in Resources */ = {isa = PBXBuildFile; fileRef = 81D76DD81AF8CB380080D5FA /* 1430837494_previous-128.png */; };
		81D76DE21AF8CB380080D5FA /* 1430837487_next-128.png in Resources */ = {isa = PBXBuildFile; fileRef = 81D76DD91AF8CB380080D5FA /* 1430837487_next-128.png */; };
		81D76DE31AF8CB380080D5FA /* 1430837377_pen-checkbox-128.png in Resources */ = {isa = PBXBuildFile; fileRef = 81D76DDA1AF8CB380080D5FA /* 1430837377_pen-checkbox-128.png */; };
		81D76DE41AF8CB380080D5FA /* 1430837284_ic_format_list_bulleted_48px-128.png in Resources */ = {isa = PBXBuildFile; fileRef = 81D76DDB1AF8CB380080D5FA /* 1430837284_ic_format_list_bulleted_48px-128.png */; };
		81D76DE51AF8CB380080D5FA /* 1430837171_setting.png in Resources */ = {isa = PBXBuildFile; fileRef = 81D76DDC1AF8CB380080D5FA /* 1430837171_setting.png */; };
		81D76DE61AF8CB380080D5FA /* 1430837106_graph-128.png in Resources */ = {isa = PBXBuildFile; fileRef = 81D76DDD1AF8CB380080D5FA /* 1430837106_graph-128.png */; };
		81D76DE71AF8CB380080D5FA /* 1430836978_calendar-128.png in Resources */ = {isa = PBXBuildFile; fileRef = 81D76DDE1AF8CB380080D5FA /* 1430836978_calendar-128.png */; };
		81D76DE91AF8CC240080D5FA /* 1430837377_pen-checkbox-32.png in Resources */ = {isa = PBXBuildFile; fileRef = 81D76DE81AF8CC240080D5FA /* 1430837377_pen-checkbox-32.png */; };
		81D76DEB1AF8CCB70080D5FA /* 1430837284_ic_format_list_bulleted_32.png in Resources */ = {isa = PBXBuildFile; fileRef = 81D76DEA1AF8CCB70080D5FA /* 1430837284_ic_format_list_bulleted_32.png */; };
		81D76DED1AF8CCFE0080D5FA /* 1430836978_calendar-32.png in Resources */ = {isa = PBXBuildFile; fileRef = 81D76DEC1AF8CCFE0080D5FA /* 1430836978_calendar-32.png */; };
		81D76DEF1AF8CD330080D5FA /* 1430837171_setting32.png in Resources */ = {isa = PBXBuildFile; fileRef = 81D76DEE1AF8CD330080D5FA /* 1430837171_setting32.png */; };
		81D76DF11AF8CD730080D5FA /* 1430837494_previous-48.png in Resources */ = {isa = PBXBuildFile; fileRef = 81D76DF01AF8CD730080D5FA /* 1430837494_previous-48.png */; };
		81D76DF31AF8CDA70080D5FA /* 1430837487_next-48.png in Resources */ = {isa = PBXBuildFile; fileRef = 81D76DF21AF8CDA70080D5FA /* 1430837487_next-48.png */; };
		81D76DF51AF8CDEC0080D5FA /* 1430837614_StockIndexUp48.png in Resources */ = {isa = PBXBuildFile; fileRef = 81D76DF41AF8CDEC0080D5FA /* 1430837614_StockIndexUp48.png */; };
		81D76DF71AF8CE1D0080D5FA /* 1430837623_StockIndexDown48.png in Resources */ = {isa = PBXBuildFile; fileRef = 81D76DF61AF8CE1D0080D5FA /* 1430837623_StockIndexDown48.png */; };
		81D76DF91AF8CEBB0080D5FA /* 1430837106_graph-32.png in Resources */ = {isa = PBXBuildFile; fileRef = 81D76DF81AF8CEBB0080D5FA /* 1430837106_graph-32.png */; };
		81D83E781AF871E500057D5D /* SettingTableViewController.swift in Sources */ = {isa = PBXBuildFile; fileRef = 81D83E771AF871E500057D5D /* SettingTableViewController.swift */; };
		81E161E71AF31C2E0071ED01 /* AppDelegate.swift in Sources */ = {isa = PBXBuildFile; fileRef = 81E161E61AF31C2E0071ED01 /* AppDelegate.swift */; };
		81E161E91AF31C2E0071ED01 /* ViewController.swift in Sources */ = {isa = PBXBuildFile; fileRef = 81E161E81AF31C2E0071ED01 /* ViewController.swift */; };
		81E161EC1AF31C2E0071ED01 /* Main.storyboard in Resources */ = {isa = PBXBuildFile; fileRef = 81E161EA1AF31C2E0071ED01 /* Main.storyboard */; };
		81E161EE1AF31C2E0071ED01 /* Images.xcassets in Resources */ = {isa = PBXBuildFile; fileRef = 81E161ED1AF31C2E0071ED01 /* Images.xcassets */; };
		81E161F11AF31C2E0071ED01 /* LaunchScreen.xib in Resources */ = {isa = PBXBuildFile; fileRef = 81E161EF1AF31C2E0071ED01 /* LaunchScreen.xib */; };
		81E161FD1AF31C2E0071ED01 /* StyleLogsTests.swift in Sources */ = {isa = PBXBuildFile; fileRef = 81E161FC1AF31C2E0071ED01 /* StyleLogsTests.swift */; };
		81E162071AF31C820071ED01 /* libsqlite3.dylib in Frameworks */ = {isa = PBXBuildFile; fileRef = 81E162061AF31C820071ED01 /* libsqlite3.dylib */; };
		81E1620A1AF31DB90071ED01 /* SwiftData.swift in Sources */ = {isa = PBXBuildFile; fileRef = 81E162091AF31DB90071ED01 /* SwiftData.swift */; };
		81E1620C1AF31DC70071ED01 /* DataMngr.swift in Sources */ = {isa = PBXBuildFile; fileRef = 81E1620B1AF31DC70071ED01 /* DataMngr.swift */; };
		81E1620E1AF31DD00071ED01 /* SmartGraph.swift in Sources */ = {isa = PBXBuildFile; fileRef = 81E1620D1AF31DD00071ED01 /* SmartGraph.swift */; };
		81E162101AF31DE50071ED01 /* GradiateView.swift in Sources */ = {isa = PBXBuildFile; fileRef = 81E1620F1AF31DE50071ED01 /* GradiateView.swift */; };
/* End PBXBuildFile section */

/* Begin PBXContainerItemProxy section */
		81E161F71AF31C2E0071ED01 /* PBXContainerItemProxy */ = {
			isa = PBXContainerItemProxy;
			containerPortal = 81E161D91AF31C2E0071ED01 /* Project object */;
			proxyType = 1;
			remoteGlobalIDString = 81E161E01AF31C2E0071ED01;
			remoteInfo = StyleLogs;
		};
/* End PBXContainerItemProxy section */

/* Begin PBXFileReference section */
		81003B521AF3758300600ED6 /* MainCollectionViewCell.swift */ = {isa = PBXFileReference; fileEncoding = 4; lastKnownFileType = sourcecode.swift; path = MainCollectionViewCell.swift; sourceTree = "<group>"; };
		81003B541AF37A0B00600ED6 /* ValueLabelTableViewCell.swift */ = {isa = PBXFileReference; fileEncoding = 4; lastKnownFileType = sourcecode.swift; path = ValueLabelTableViewCell.swift; sourceTree = "<group>"; };
		81003B561AF37A4300600ED6 /* ValueInputTableViewCell.swift */ = {isa = PBXFileReference; fileEncoding = 4; lastKnownFileType = sourcecode.swift; path = ValueInputTableViewCell.swift; sourceTree = "<group>"; };
		81003B581AF5B4AB00600ED6 /* ListDisplayTableViewCell.swift */ = {isa = PBXFileReference; fileEncoding = 4; lastKnownFileType = sourcecode.swift; path = ListDisplayTableViewCell.swift; sourceTree = "<group>"; };
		81003B5A1AF5B4EF00600ED6 /* ListDisplayViewController.swift */ = {isa = PBXFileReference; fileEncoding = 4; lastKnownFileType = sourcecode.swift; path = ListDisplayViewController.swift; sourceTree = "<group>"; };
		812DC97E1AF8D2BC000E9380 /* 1430837487_next-32.png */ = {isa = PBXFileReference; lastKnownFileType = image.png; path = "1430837487_next-32.png"; sourceTree = "<group>"; };
		812DC9801AF8D33D000E9380 /* 1430837494_previous-32.png */ = {isa = PBXFileReference; lastKnownFileType = image.png; path = "1430837494_previous-32.png"; sourceTree = "<group>"; };
		812DC9821AF8D571000E9380 /* 1430836978_calendar-24.png */ = {isa = PBXFileReference; lastKnownFileType = image.png; path = "1430836978_calendar-24.png"; sourceTree = "<group>"; };
		812DC9851AF9E6F9000E9380 /* テンキー.png */ = {isa = PBXFileReference; lastKnownFileType = image.png; path = "テンキー.png"; sourceTree = "<group>"; };
		812DC9871AF9EADC000E9380 /* テンキーBack.png */ = {isa = PBXFileReference; lastKnownFileType = image.png; path = "テンキーBack.png"; sourceTree = "<group>"; };
		812DC9881AF9EADC000E9380 /* テンキーDot.png */ = {isa = PBXFileReference; lastKnownFileType = image.png; path = "テンキーDot.png"; sourceTree = "<group>"; };
		812DC9891AF9EADC000E9380 /* テンキー9.png */ = {isa = PBXFileReference; lastKnownFileType = image.png; path = "テンキー9.png"; sourceTree = "<group>"; };
		812DC98A1AF9EADC000E9380 /* テンキー8.png */ = {isa = PBXFileReference; lastKnownFileType = image.png; path = "テンキー8.png"; sourceTree = "<group>"; };
		812DC98B1AF9EADC000E9380 /* テンキー7.png */ = {isa = PBXFileReference; lastKnownFileType = image.png; path = "テンキー7.png"; sourceTree = "<group>"; };
		812DC98C1AF9EADC000E9380 /* テンキー6.png */ = {isa = PBXFileReference; lastKnownFileType = image.png; path = "テンキー6.png"; sourceTree = "<group>"; };
		812DC98D1AF9EADC000E9380 /* テンキー5.png */ = {isa = PBXFileReference; lastKnownFileType = image.png; path = "テンキー5.png"; sourceTree = "<group>"; };
		812DC98E1AF9EADC000E9380 /* テンキー4.png */ = {isa = PBXFileReference; lastKnownFileType = image.png; path = "テンキー4.png"; sourceTree = "<group>"; };
		812DC98F1AF9EADC000E9380 /* テンキー3.png */ = {isa = PBXFileReference; lastKnownFileType = image.png; path = "テンキー3.png"; sourceTree = "<group>"; };
		812DC9901AF9EADC000E9380 /* テンキー2.png */ = {isa = PBXFileReference; lastKnownFileType = image.png; path = "テンキー2.png"; sourceTree = "<group>"; };
		812DC9911AF9EADC000E9380 /* テンキー1.png */ = {isa = PBXFileReference; lastKnownFileType = image.png; path = "テンキー1.png"; sourceTree = "<group>"; };
		812DC99D1AF9EC32000E9380 /* TenKeyTableViewCell.swift */ = {isa = PBXFileReference; fileEncoding = 4; lastKnownFileType = sourcecode.swift; path = TenKeyTableViewCell.swift; sourceTree = "<group>"; };
		81C9D9481AF61B75009C7328 /* CalendarViewController.swift */ = {isa = PBXFileReference; fileEncoding = 4; lastKnownFileType = sourcecode.swift; path = CalendarViewController.swift; sourceTree = "<group>"; };
		81C9D94A1AF61F10009C7328 /* CalendarCollectionViewCell.swift */ = {isa = PBXFileReference; fileEncoding = 4; lastKnownFileType = sourcecode.swift; path = CalendarCollectionViewCell.swift; sourceTree = "<group>"; };
		81C9D94C1AF70EB3009C7328 /* GraphViewController.swift */ = {isa = PBXFileReference; fileEncoding = 4; lastKnownFileType = sourcecode.swift; path = GraphViewController.swift; sourceTree = "<group>"; };
		81D76DD61AF8CB380080D5FA /* 1430837614_Stock Index Up.png */ = {isa = PBXFileReference; lastKnownFileType = image.png; path = "1430837614_Stock Index Up.png"; sourceTree = "<group>"; };
		81D76DD71AF8CB380080D5FA /* 1430837623_Stock Index Down.png */ = {isa = PBXFileReference; lastKnownFileType = image.png; path = "1430837623_Stock Index Down.png"; sourceTree = "<group>"; };
		81D76DD81AF8CB380080D5FA /* 1430837494_previous-128.png */ = {isa = PBXFileReference; lastKnownFileType = image.png; path = "1430837494_previous-128.png"; sourceTree = "<group>"; };
		81D76DD91AF8CB380080D5FA /* 1430837487_next-128.png */ = {isa = PBXFileReference; lastKnownFileType = image.png; path = "1430837487_next-128.png"; sourceTree = "<group>"; };
		81D76DDA1AF8CB380080D5FA /* 1430837377_pen-checkbox-128.png */ = {isa = PBXFileReference; lastKnownFileType = image.png; path = "1430837377_pen-checkbox-128.png"; sourceTree = "<group>"; };
		81D76DDB1AF8CB380080D5FA /* 1430837284_ic_format_list_bulleted_48px-128.png */ = {isa = PBXFileReference; lastKnownFileType = image.png; path = "1430837284_ic_format_list_bulleted_48px-128.png"; sourceTree = "<group>"; };
		81D76DDC1AF8CB380080D5FA /* 1430837171_setting.png */ = {isa = PBXFileReference; lastKnownFileType = image.png; path = 1430837171_setting.png; sourceTree = "<group>"; };
		81D76DDD1AF8CB380080D5FA /* 1430837106_graph-128.png */ = {isa = PBXFileReference; lastKnownFileType = image.png; path = "1430837106_graph-128.png"; sourceTree = "<group>"; };
		81D76DDE1AF8CB380080D5FA /* 1430836978_calendar-128.png */ = {isa = PBXFileReference; lastKnownFileType = image.png; path = "1430836978_calendar-128.png"; sourceTree = "<group>"; };
		81D76DE81AF8CC240080D5FA /* 1430837377_pen-checkbox-32.png */ = {isa = PBXFileReference; lastKnownFileType = image.png; path = "1430837377_pen-checkbox-32.png"; sourceTree = "<group>"; };
		81D76DEA1AF8CCB70080D5FA /* 1430837284_ic_format_list_bulleted_32.png */ = {isa = PBXFileReference; lastKnownFileType = image.png; path = 1430837284_ic_format_list_bulleted_32.png; sourceTree = "<group>"; };
		81D76DEC1AF8CCFE0080D5FA /* 1430836978_calendar-32.png */ = {isa = PBXFileReference; lastKnownFileType = image.png; path = "1430836978_calendar-32.png"; sourceTree = "<group>"; };
		81D76DEE1AF8CD330080D5FA /* 1430837171_setting32.png */ = {isa = PBXFileReference; lastKnownFileType = image.png; path = 1430837171_setting32.png; sourceTree = "<group>"; };
		81D76DF01AF8CD730080D5FA /* 1430837494_previous-48.png */ = {isa = PBXFileReference; lastKnownFileType = image.png; path = "1430837494_previous-48.png"; sourceTree = "<group>"; };
		81D76DF21AF8CDA70080D5FA /* 1430837487_next-48.png */ = {isa = PBXFileReference; lastKnownFileType = image.png; path = "1430837487_next-48.png"; sourceTree = "<group>"; };
		81D76DF41AF8CDEC0080D5FA /* 1430837614_StockIndexUp48.png */ = {isa = PBXFileReference; lastKnownFileType = image.png; path = 1430837614_StockIndexUp48.png; sourceTree = "<group>"; };
		81D76DF61AF8CE1D0080D5FA /* 1430837623_StockIndexDown48.png */ = {isa = PBXFileReference; lastKnownFileType = image.png; path = 1430837623_StockIndexDown48.png; sourceTree = "<group>"; };
		81D76DF81AF8CEBB0080D5FA /* 1430837106_graph-32.png */ = {isa = PBXFileReference; lastKnownFileType = image.png; path = "1430837106_graph-32.png"; sourceTree = "<group>"; };
		81D83E771AF871E500057D5D /* SettingTableViewController.swift */ = {isa = PBXFileReference; fileEncoding = 4; lastKnownFileType = sourcecode.swift; path = SettingTableViewController.swift; sourceTree = "<group>"; };
		81E161E11AF31C2E0071ED01 /* StyleLogs.app */ = {isa = PBXFileReference; explicitFileType = wrapper.application; includeInIndex = 0; path = StyleLogs.app; sourceTree = BUILT_PRODUCTS_DIR; };
		81E161E51AF31C2E0071ED01 /* Info.plist */ = {isa = PBXFileReference; lastKnownFileType = text.plist.xml; path = Info.plist; sourceTree = "<group>"; };
		81E161E61AF31C2E0071ED01 /* AppDelegate.swift */ = {isa = PBXFileReference; lastKnownFileType = sourcecode.swift; path = AppDelegate.swift; sourceTree = "<group>"; };
		81E161E81AF31C2E0071ED01 /* ViewController.swift */ = {isa = PBXFileReference; lastKnownFileType = sourcecode.swift; path = ViewController.swift; sourceTree = "<group>"; };
		81E161EB1AF31C2E0071ED01 /* Base */ = {isa = PBXFileReference; lastKnownFileType = file.storyboard; name = Base; path = Base.lproj/Main.storyboard; sourceTree = "<group>"; };
		81E161ED1AF31C2E0071ED01 /* Images.xcassets */ = {isa = PBXFileReference; lastKnownFileType = folder.assetcatalog; path = Images.xcassets; sourceTree = "<group>"; };
		81E161F01AF31C2E0071ED01 /* Base */ = {isa = PBXFileReference; lastKnownFileType = file.xib; name = Base; path = Base.lproj/LaunchScreen.xib; sourceTree = "<group>"; };
		81E161F61AF31C2E0071ED01 /* StyleLogsTests.xctest */ = {isa = PBXFileReference; explicitFileType = wrapper.cfbundle; includeInIndex = 0; path = StyleLogsTests.xctest; sourceTree = BUILT_PRODUCTS_DIR; };
		81E161FB1AF31C2E0071ED01 /* Info.plist */ = {isa = PBXFileReference; lastKnownFileType = text.plist.xml; path = Info.plist; sourceTree = "<group>"; };
		81E161FC1AF31C2E0071ED01 /* StyleLogsTests.swift */ = {isa = PBXFileReference; lastKnownFileType = sourcecode.swift; path = StyleLogsTests.swift; sourceTree = "<group>"; };
		81E162061AF31C820071ED01 /* libsqlite3.dylib */ = {isa = PBXFileReference; lastKnownFileType = "compiled.mach-o.dylib"; name = libsqlite3.dylib; path = usr/lib/libsqlite3.dylib; sourceTree = SDKROOT; };
		81E162081AF31CDD0071ED01 /* StyleLogs-BridgeHeader.h */ = {isa = PBXFileReference; lastKnownFileType = sourcecode.c.h; path = "StyleLogs-BridgeHeader.h"; sourceTree = "<group>"; };
		81E162091AF31DB90071ED01 /* SwiftData.swift */ = {isa = PBXFileReference; fileEncoding = 4; lastKnownFileType = sourcecode.swift; path = SwiftData.swift; sourceTree = "<group>"; };
		81E1620B1AF31DC70071ED01 /* DataMngr.swift */ = {isa = PBXFileReference; fileEncoding = 4; lastKnownFileType = sourcecode.swift; path = DataMngr.swift; sourceTree = "<group>"; };
		81E1620D1AF31DD00071ED01 /* SmartGraph.swift */ = {isa = PBXFileReference; fileEncoding = 4; lastKnownFileType = sourcecode.swift; path = SmartGraph.swift; sourceTree = "<group>"; };
		81E1620F1AF31DE50071ED01 /* GradiateView.swift */ = {isa = PBXFileReference; fileEncoding = 4; lastKnownFileType = sourcecode.swift; path = GradiateView.swift; sourceTree = "<group>"; };
/* End PBXFileReference section */

/* Begin PBXFrameworksBuildPhase section */
		81E161DE1AF31C2E0071ED01 /* Frameworks */ = {
			isa = PBXFrameworksBuildPhase;
			buildActionMask = 2147483647;
			files = (
				81E162071AF31C820071ED01 /* libsqlite3.dylib in Frameworks */,
			);
			runOnlyForDeploymentPostprocessing = 0;
		};
		81E161F31AF31C2E0071ED01 /* Frameworks */ = {
			isa = PBXFrameworksBuildPhase;
			buildActionMask = 2147483647;
			files = (
			);
			runOnlyForDeploymentPostprocessing = 0;
		};
/* End PBXFrameworksBuildPhase section */

/* Begin PBXGroup section */
		812DC9841AF8D6B3000E9380 /* icon */ = {
			isa = PBXGroup;
			children = (
				812DC9871AF9EADC000E9380 /* テンキーBack.png */,
				812DC9881AF9EADC000E9380 /* テンキーDot.png */,
				812DC9891AF9EADC000E9380 /* テンキー9.png */,
				812DC98A1AF9EADC000E9380 /* テンキー8.png */,
				812DC98B1AF9EADC000E9380 /* テンキー7.png */,
				812DC98C1AF9EADC000E9380 /* テンキー6.png */,
				812DC98D1AF9EADC000E9380 /* テンキー5.png */,
				812DC98E1AF9EADC000E9380 /* テンキー4.png */,
				812DC98F1AF9EADC000E9380 /* テンキー3.png */,
				812DC9901AF9EADC000E9380 /* テンキー2.png */,
				812DC9911AF9EADC000E9380 /* テンキー1.png */,
				812DC9851AF9E6F9000E9380 /* テンキー.png */,
				81D76DE81AF8CC240080D5FA /* 1430837377_pen-checkbox-32.png */,
				812DC9821AF8D571000E9380 /* 1430836978_calendar-24.png */,
				812DC9801AF8D33D000E9380 /* 1430837494_previous-32.png */,
				81D76DF81AF8CEBB0080D5FA /* 1430837106_graph-32.png */,
				812DC97E1AF8D2BC000E9380 /* 1430837487_next-32.png */,
				81D76DF61AF8CE1D0080D5FA /* 1430837623_StockIndexDown48.png */,
				81D76DEE1AF8CD330080D5FA /* 1430837171_setting32.png */,
				81D76DF41AF8CDEC0080D5FA /* 1430837614_StockIndexUp48.png */,
				81D76DF21AF8CDA70080D5FA /* 1430837487_next-48.png */,
				81D76DF01AF8CD730080D5FA /* 1430837494_previous-48.png */,
				81D76DEC1AF8CCFE0080D5FA /* 1430836978_calendar-32.png */,
				81D76DEA1AF8CCB70080D5FA /* 1430837284_ic_format_list_bulleted_32.png */,
				81D76DD61AF8CB380080D5FA /* 1430837614_Stock Index Up.png */,
				81D76DD71AF8CB380080D5FA /* 1430837623_Stock Index Down.png */,
				81D76DD81AF8CB380080D5FA /* 1430837494_previous-128.png */,
				81D76DD91AF8CB380080D5FA /* 1430837487_next-128.png */,
				81D76DDA1AF8CB380080D5FA /* 1430837377_pen-checkbox-128.png */,
				81D76DDB1AF8CB380080D5FA /* 1430837284_ic_format_list_bulleted_48px-128.png */,
				81D76DDC1AF8CB380080D5FA /* 1430837171_setting.png */,
				81D76DDD1AF8CB380080D5FA /* 1430837106_graph-128.png */,
				81D76DDE1AF8CB380080D5FA /* 1430836978_calendar-128.png */,
			);
			name = icon;
			sourceTree = "<group>";
		};
		81E161D81AF31C2E0071ED01 = {
			isa = PBXGroup;
			children = (
				81E162061AF31C820071ED01 /* libsqlite3.dylib */,
				81E161E31AF31C2E0071ED01 /* StyleLogs */,
				81E161F91AF31C2E0071ED01 /* StyleLogsTests */,
				81E161E21AF31C2E0071ED01 /* Products */,
			);
			sourceTree = "<group>";
		};
		81E161E21AF31C2E0071ED01 /* Products */ = {
			isa = PBXGroup;
			children = (
				81E161E11AF31C2E0071ED01 /* StyleLogs.app */,
				81E161F61AF31C2E0071ED01 /* StyleLogsTests.xctest */,
			);
			name = Products;
			sourceTree = "<group>";
		};
		81E161E31AF31C2E0071ED01 /* StyleLogs */ = {
			isa = PBXGroup;
			children = (
				812DC9841AF8D6B3000E9380 /* icon */,
				81E1620F1AF31DE50071ED01 /* GradiateView.swift */,
				81E1620D1AF31DD00071ED01 /* SmartGraph.swift */,
				81E1620B1AF31DC70071ED01 /* DataMngr.swift */,
				81E162091AF31DB90071ED01 /* SwiftData.swift */,
				81E161E61AF31C2E0071ED01 /* AppDelegate.swift */,
				81E161E81AF31C2E0071ED01 /* ViewController.swift */,
				81E161EA1AF31C2E0071ED01 /* Main.storyboard */,
				812DC99D1AF9EC32000E9380 /* TenKeyTableViewCell.swift */,
				81D83E771AF871E500057D5D /* SettingTableViewController.swift */,
				81C9D94C1AF70EB3009C7328 /* GraphViewController.swift */,
				81C9D9481AF61B75009C7328 /* CalendarViewController.swift */,
				81C9D94A1AF61F10009C7328 /* CalendarCollectionViewCell.swift */,
				81003B521AF3758300600ED6 /* MainCollectionViewCell.swift */,
				81E161ED1AF31C2E0071ED01 /* Images.xcassets */,
				81E161EF1AF31C2E0071ED01 /* LaunchScreen.xib */,
				81E161E41AF31C2E0071ED01 /* Supporting Files */,
				81E162081AF31CDD0071ED01 /* StyleLogs-BridgeHeader.h */,
				81003B541AF37A0B00600ED6 /* ValueLabelTableViewCell.swift */,
				81003B561AF37A4300600ED6 /* ValueInputTableViewCell.swift */,
				81003B581AF5B4AB00600ED6 /* ListDisplayTableViewCell.swift */,
				81003B5A1AF5B4EF00600ED6 /* ListDisplayViewController.swift */,
			);
			path = StyleLogs;
			sourceTree = "<group>";
		};
		81E161E41AF31C2E0071ED01 /* Supporting Files */ = {
			isa = PBXGroup;
			children = (
				81E161E51AF31C2E0071ED01 /* Info.plist */,
			);
			name = "Supporting Files";
			sourceTree = "<group>";
		};
		81E161F91AF31C2E0071ED01 /* StyleLogsTests */ = {
			isa = PBXGroup;
			children = (
				81E161FC1AF31C2E0071ED01 /* StyleLogsTests.swift */,
				81E161FA1AF31C2E0071ED01 /* Supporting Files */,
			);
			path = StyleLogsTests;
			sourceTree = "<group>";
		};
		81E161FA1AF31C2E0071ED01 /* Supporting Files */ = {
			isa = PBXGroup;
			children = (
				81E161FB1AF31C2E0071ED01 /* Info.plist */,
			);
			name = "Supporting Files";
			sourceTree = "<group>";
		};
/* End PBXGroup section */

/* Begin PBXNativeTarget section */
		81E161E01AF31C2E0071ED01 /* StyleLogs */ = {
			isa = PBXNativeTarget;
			buildConfigurationList = 81E162001AF31C2E0071ED01 /* Build configuration list for PBXNativeTarget "StyleLogs" */;
			buildPhases = (
				81E161DD1AF31C2E0071ED01 /* Sources */,
				81E161DE1AF31C2E0071ED01 /* Frameworks */,
				81E161DF1AF31C2E0071ED01 /* Resources */,
			);
			buildRules = (
			);
			dependencies = (
			);
			name = StyleLogs;
			productName = StyleLogs;
			productReference = 81E161E11AF31C2E0071ED01 /* StyleLogs.app */;
			productType = "com.apple.product-type.application";
		};
		81E161F51AF31C2E0071ED01 /* StyleLogsTests */ = {
			isa = PBXNativeTarget;
			buildConfigurationList = 81E162031AF31C2E0071ED01 /* Build configuration list for PBXNativeTarget "StyleLogsTests" */;
			buildPhases = (
				81E161F21AF31C2E0071ED01 /* Sources */,
				81E161F31AF31C2E0071ED01 /* Frameworks */,
				81E161F41AF31C2E0071ED01 /* Resources */,
			);
			buildRules = (
			);
			dependencies = (
				81E161F81AF31C2E0071ED01 /* PBXTargetDependency */,
			);
			name = StyleLogsTests;
			productName = StyleLogsTests;
			productReference = 81E161F61AF31C2E0071ED01 /* StyleLogsTests.xctest */;
			productType = "com.apple.product-type.bundle.unit-test";
		};
/* End PBXNativeTarget section */

/* Begin PBXProject section */
		81E161D91AF31C2E0071ED01 /* Project object */ = {
			isa = PBXProject;
			attributes = {
				LastUpgradeCheck = 0630;
				ORGANIZATIONNAME = AizawaTakashi;
				TargetAttributes = {
					81E161E01AF31C2E0071ED01 = {
						CreatedOnToolsVersion = 6.3.1;
					};
					81E161F51AF31C2E0071ED01 = {
						CreatedOnToolsVersion = 6.3.1;
						TestTargetID = 81E161E01AF31C2E0071ED01;
					};
				};
			};
			buildConfigurationList = 81E161DC1AF31C2E0071ED01 /* Build configuration list for PBXProject "StyleLogs" */;
			compatibilityVersion = "Xcode 3.2";
			developmentRegion = English;
			hasScannedForEncodings = 0;
			knownRegions = (
				en,
				Base,
			);
			mainGroup = 81E161D81AF31C2E0071ED01;
			productRefGroup = 81E161E21AF31C2E0071ED01 /* Products */;
			projectDirPath = "";
			projectRoot = "";
			targets = (
				81E161E01AF31C2E0071ED01 /* StyleLogs */,
				81E161F51AF31C2E0071ED01 /* StyleLogsTests */,
			);
		};
/* End PBXProject section */

/* Begin PBXResourcesBuildPhase section */
		81E161DF1AF31C2E0071ED01 /* Resources */ = {
			isa = PBXResourcesBuildPhase;
			buildActionMask = 2147483647;
			files = (
				812DC97F1AF8D2BC000E9380 /* 1430837487_next-32.png in Resources */,
				81D76DEF1AF8CD330080D5FA /* 1430837171_setting32.png in Resources */,
				81D76DF91AF8CEBB0080D5FA /* 1430837106_graph-32.png in Resources */,
				812DC9811AF8D33D000E9380 /* 1430837494_previous-32.png in Resources */,
				81D76DF31AF8CDA70080D5FA /* 1430837487_next-48.png in Resources */,
				81E161EC1AF31C2E0071ED01 /* Main.storyboard in Resources */,
				812DC9931AF9EADC000E9380 /* テンキーDot.png in Resources */,
				81D76DE01AF8CB380080D5FA /* 1430837623_Stock Index Down.png in Resources */,
				81D76DF51AF8CDEC0080D5FA /* 1430837614_StockIndexUp48.png in Resources */,
				812DC9961AF9EADC000E9380 /* テンキー7.png in Resources */,
				81D76DE61AF8CB380080D5FA /* 1430837106_graph-128.png in Resources */,
				81D76DDF1AF8CB380080D5FA /* 1430837614_Stock Index Up.png in Resources */,
				81D76DEB1AF8CCB70080D5FA /* 1430837284_ic_format_list_bulleted_32.png in Resources */,
				81D76DF71AF8CE1D0080D5FA /* 1430837623_StockIndexDown48.png in Resources */,
				81D76DF11AF8CD730080D5FA /* 1430837494_previous-48.png in Resources */,
				81D76DE51AF8CB380080D5FA /* 1430837171_setting.png in Resources */,
				81D76DE31AF8CB380080D5FA /* 1430837377_pen-checkbox-128.png in Resources */,
				81E161F11AF31C2E0071ED01 /* LaunchScreen.xib in Resources */,
				812DC9861AF9E6F9000E9380 /* テンキー.png in Resources */,
				812DC99B1AF9EADC000E9380 /* テンキー2.png in Resources */,
				812DC9981AF9EADC000E9380 /* テンキー5.png in Resources */,
				81D76DE41AF8CB380080D5FA /* 1430837284_ic_format_list_bulleted_48px-128.png in Resources */,
				812DC9941AF9EADC000E9380 /* テンキー9.png in Resources */,
				81D76DE71AF8CB380080D5FA /* 1430836978_calendar-128.png in Resources */,
				812DC9971AF9EADC000E9380 /* テンキー6.png in Resources */,
				812DC9991AF9EADC000E9380 /* テンキー4.png in Resources */,
				812DC9951AF9EADC000E9380 /* テンキー8.png in Resources */,
				812DC99C1AF9EADC000E9380 /* テンキー1.png in Resources */,
				812DC9831AF8D571000E9380 /* 1430836978_calendar-24.png in Resources */,
				812DC99A1AF9EADC000E9380 /* テンキー3.png in Resources */,
				812DC9921AF9EADC000E9380 /* テンキーBack.png in Resources */,
				81E161EE1AF31C2E0071ED01 /* Images.xcassets in Resources */,
				81D76DED1AF8CCFE0080D5FA /* 1430836978_calendar-32.png in Resources */,
				81D76DE11AF8CB380080D5FA /* 1430837494_previous-128.png in Resources */,
				81D76DE21AF8CB380080D5FA /* 1430837487_next-128.png in Resources */,
				81D76DE91AF8CC240080D5FA /* 1430837377_pen-checkbox-32.png in Resources */,
			);
			runOnlyForDeploymentPostprocessing = 0;
		};
		81E161F41AF31C2E0071ED01 /* Resources */ = {
			isa = PBXResourcesBuildPhase;
			buildActionMask = 2147483647;
			files = (
			);
			runOnlyForDeploymentPostprocessing = 0;
		};
/* End PBXResourcesBuildPhase section */

/* Begin PBXSourcesBuildPhase section */
		81E161DD1AF31C2E0071ED01 /* Sources */ = {
			isa = PBXSourcesBuildPhase;
			buildActionMask = 2147483647;
			files = (
				81C9D9491AF61B75009C7328 /* CalendarViewController.swift in Sources */,
				81003B551AF37A0B00600ED6 /* ValueLabelTableViewCell.swift in Sources */,
				81C9D94B1AF61F10009C7328 /* CalendarCollectionViewCell.swift in Sources */,
				81003B531AF3758300600ED6 /* MainCollectionViewCell.swift in Sources */,
				81003B591AF5B4AB00600ED6 /* ListDisplayTableViewCell.swift in Sources */,
				81E161E91AF31C2E0071ED01 /* ViewController.swift in Sources */,
				81E1620A1AF31DB90071ED01 /* SwiftData.swift in Sources */,
				812DC99E1AF9EC32000E9380 /* TenKeyTableViewCell.swift in Sources */,
				81003B5B1AF5B4EF00600ED6 /* ListDisplayViewController.swift in Sources */,
				81E161E71AF31C2E0071ED01 /* AppDelegate.swift in Sources */,
				81D83E781AF871E500057D5D /* SettingTableViewController.swift in Sources */,
				81C9D94D1AF70EB3009C7328 /* GraphViewController.swift in Sources */,
				81E1620C1AF31DC70071ED01 /* DataMngr.swift in Sources */,
				81003B571AF37A4300600ED6 /* ValueInputTableViewCell.swift in Sources */,
				81E1620E1AF31DD00071ED01 /* SmartGraph.swift in Sources */,
				81E162101AF31DE50071ED01 /* GradiateView.swift in Sources */,
			);
			runOnlyForDeploymentPostprocessing = 0;
		};
		81E161F21AF31C2E0071ED01 /* Sources */ = {
			isa = PBXSourcesBuildPhase;
			buildActionMask = 2147483647;
			files = (
				81E161FD1AF31C2E0071ED01 /* StyleLogsTests.swift in Sources */,
			);
			runOnlyForDeploymentPostprocessing = 0;
		};
/* End PBXSourcesBuildPhase section */

/* Begin PBXTargetDependency section */
		81E161F81AF31C2E0071ED01 /* PBXTargetDependency */ = {
			isa = PBXTargetDependency;
			target = 81E161E01AF31C2E0071ED01 /* StyleLogs */;
			targetProxy = 81E161F71AF31C2E0071ED01 /* PBXContainerItemProxy */;
		};
/* End PBXTargetDependency section */

/* Begin PBXVariantGroup section */
		81E161EA1AF31C2E0071ED01 /* Main.storyboard */ = {
			isa = PBXVariantGroup;
			children = (
				81E161EB1AF31C2E0071ED01 /* Base */,
			);
			name = Main.storyboard;
			sourceTree = "<group>";
		};
		81E161EF1AF31C2E0071ED01 /* LaunchScreen.xib */ = {
			isa = PBXVariantGroup;
			children = (
				81E161F01AF31C2E0071ED01 /* Base */,
			);
			name = LaunchScreen.xib;
			sourceTree = "<group>";
		};
/* End PBXVariantGroup section */

/* Begin XCBuildConfiguration section */
		81E161FE1AF31C2E0071ED01 /* Debug */ = {
			isa = XCBuildConfiguration;
			buildSettings = {
				ALWAYS_SEARCH_USER_PATHS = NO;
				CLANG_CXX_LANGUAGE_STANDARD = "gnu++0x";
				CLANG_CXX_LIBRARY = "libc++";
				CLANG_ENABLE_MODULES = YES;
				CLANG_ENABLE_OBJC_ARC = YES;
				CLANG_WARN_BOOL_CONVERSION = YES;
				CLANG_WARN_CONSTANT_CONVERSION = YES;
				CLANG_WARN_DIRECT_OBJC_ISA_USAGE = YES_ERROR;
				CLANG_WARN_EMPTY_BODY = YES;
				CLANG_WARN_ENUM_CONVERSION = YES;
				CLANG_WARN_INT_CONVERSION = YES;
				CLANG_WARN_OBJC_ROOT_CLASS = YES_ERROR;
				CLANG_WARN_UNREACHABLE_CODE = YES;
				CLANG_WARN__DUPLICATE_METHOD_MATCH = YES;
				"CODE_SIGN_IDENTITY[sdk=iphoneos*]" = "iPhone Developer";
				COPY_PHASE_STRIP = NO;
				DEBUG_INFORMATION_FORMAT = "dwarf-with-dsym";
				ENABLE_STRICT_OBJC_MSGSEND = YES;
				GCC_C_LANGUAGE_STANDARD = gnu99;
				GCC_DYNAMIC_NO_PIC = NO;
				GCC_NO_COMMON_BLOCKS = YES;
				GCC_OPTIMIZATION_LEVEL = 0;
				GCC_PREPROCESSOR_DEFINITIONS = (
					"DEBUG=1",
					"$(inherited)",
				);
				GCC_SYMBOLS_PRIVATE_EXTERN = NO;
				GCC_WARN_64_TO_32_BIT_CONVERSION = YES;
				GCC_WARN_ABOUT_RETURN_TYPE = YES_ERROR;
				GCC_WARN_UNDECLARED_SELECTOR = YES;
				GCC_WARN_UNINITIALIZED_AUTOS = YES_AGGRESSIVE;
				GCC_WARN_UNUSED_FUNCTION = YES;
				GCC_WARN_UNUSED_VARIABLE = YES;
				IPHONEOS_DEPLOYMENT_TARGET = 8.3;
				MTL_ENABLE_DEBUG_INFO = YES;
				ONLY_ACTIVE_ARCH = YES;
				SDKROOT = iphoneos;
				SWIFT_OPTIMIZATION_LEVEL = "-Onone";
				TARGETED_DEVICE_FAMILY = "1,2";
			};
			name = Debug;
		};
		81E161FF1AF31C2E0071ED01 /* Release */ = {
			isa = XCBuildConfiguration;
			buildSettings = {
				ALWAYS_SEARCH_USER_PATHS = NO;
				CLANG_CXX_LANGUAGE_STANDARD = "gnu++0x";
				CLANG_CXX_LIBRARY = "libc++";
				CLANG_ENABLE_MODULES = YES;
				CLANG_ENABLE_OBJC_ARC = YES;
				CLANG_WARN_BOOL_CONVERSION = YES;
				CLANG_WARN_CONSTANT_CONVERSION = YES;
				CLANG_WARN_DIRECT_OBJC_ISA_USAGE = YES_ERROR;
				CLANG_WARN_EMPTY_BODY = YES;
				CLANG_WARN_ENUM_CONVERSION = YES;
				CLANG_WARN_INT_CONVERSION = YES;
				CLANG_WARN_OBJC_ROOT_CLASS = YES_ERROR;
				CLANG_WARN_UNREACHABLE_CODE = YES;
				CLANG_WARN__DUPLICATE_METHOD_MATCH = YES;
				"CODE_SIGN_IDENTITY[sdk=iphoneos*]" = "iPhone Developer";
				COPY_PHASE_STRIP = NO;
				DEBUG_INFORMATION_FORMAT = "dwarf-with-dsym";
				ENABLE_NS_ASSERTIONS = NO;
				ENABLE_STRICT_OBJC_MSGSEND = YES;
				GCC_C_LANGUAGE_STANDARD = gnu99;
				GCC_NO_COMMON_BLOCKS = YES;
				GCC_WARN_64_TO_32_BIT_CONVERSION = YES;
				GCC_WARN_ABOUT_RETURN_TYPE = YES_ERROR;
				GCC_WARN_UNDECLARED_SELECTOR = YES;
				GCC_WARN_UNINITIALIZED_AUTOS = YES_AGGRESSIVE;
				GCC_WARN_UNUSED_FUNCTION = YES;
				GCC_WARN_UNUSED_VARIABLE = YES;
				IPHONEOS_DEPLOYMENT_TARGET = 8.3;
				MTL_ENABLE_DEBUG_INFO = NO;
				SDKROOT = iphoneos;
				TARGETED_DEVICE_FAMILY = "1,2";
				VALIDATE_PRODUCT = YES;
			};
			name = Release;
		};
		81E162011AF31C2E0071ED01 /* Debug */ = {
			isa = XCBuildConfiguration;
			buildSettings = {
				ASSETCATALOG_COMPILER_APPICON_NAME = AppIcon;
				INFOPLIST_FILE = StyleLogs/Info.plist;
				LD_RUNPATH_SEARCH_PATHS = "$(inherited) @executable_path/Frameworks";
				PRODUCT_NAME = "$(TARGET_NAME)";
				SWIFT_OBJC_BRIDGING_HEADER = "StyleLogs/StyleLogs-BridgeHeader.h";
			};
			name = Debug;
		};
		81E162021AF31C2E0071ED01 /* Release */ = {
			isa = XCBuildConfiguration;
			buildSettings = {
				ASSETCATALOG_COMPILER_APPICON_NAME = AppIcon;
				INFOPLIST_FILE = StyleLogs/Info.plist;
				LD_RUNPATH_SEARCH_PATHS = "$(inherited) @executable_path/Frameworks";
				PRODUCT_NAME = "$(TARGET_NAME)";
				SWIFT_OBJC_BRIDGING_HEADER = "StyleLogs/StyleLogs-BridgeHeader.h";
			};
			name = Release;
		};
		81E162041AF31C2E0071ED01 /* Debug */ = {
			isa = XCBuildConfiguration;
			buildSettings = {
				BUNDLE_LOADER = "$(TEST_HOST)";
				FRAMEWORK_SEARCH_PATHS = (
					"$(SDKROOT)/Developer/Library/Frameworks",
					"$(inherited)",
				);
				GCC_PREPROCESSOR_DEFINITIONS = (
					"DEBUG=1",
					"$(inherited)",
				);
				INFOPLIST_FILE = StyleLogsTests/Info.plist;
				LD_RUNPATH_SEARCH_PATHS = "$(inherited) @executable_path/Frameworks @loader_path/Frameworks";
				PRODUCT_NAME = "$(TARGET_NAME)";
				TEST_HOST = "$(BUILT_PRODUCTS_DIR)/StyleLogs.app/StyleLogs";
			};
			name = Debug;
		};
		81E162051AF31C2E0071ED01 /* Release */ = {
			isa = XCBuildConfiguration;
			buildSettings = {
				BUNDLE_LOADER = "$(TEST_HOST)";
				FRAMEWORK_SEARCH_PATHS = (
					"$(SDKROOT)/Developer/Library/Frameworks",
					"$(inherited)",
				);
				INFOPLIST_FILE = StyleLogsTests/Info.plist;
				LD_RUNPATH_SEARCH_PATHS = "$(inherited) @executable_path/Frameworks @loader_path/Frameworks";
				PRODUCT_NAME = "$(TARGET_NAME)";
				TEST_HOST = "$(BUILT_PRODUCTS_DIR)/StyleLogs.app/StyleLogs";
			};
			name = Release;
		};
/* End XCBuildConfiguration section */

/* Begin XCConfigurationList section */
		81E161DC1AF31C2E0071ED01 /* Build configuration list for PBXProject "StyleLogs" */ = {
			isa = XCConfigurationList;
			buildConfigurations = (
				81E161FE1AF31C2E0071ED01 /* Debug */,
				81E161FF1AF31C2E0071ED01 /* Release */,
			);
			defaultConfigurationIsVisible = 0;
			defaultConfigurationName = Release;
		};
		81E162001AF31C2E0071ED01 /* Build configuration list for PBXNativeTarget "StyleLogs" */ = {
			isa = XCConfigurationList;
			buildConfigurations = (
				81E162011AF31C2E0071ED01 /* Debug */,
				81E162021AF31C2E0071ED01 /* Release */,
			);
			defaultConfigurationIsVisible = 0;
			defaultConfigurationName = Release;
		};
		81E162031AF31C2E0071ED01 /* Build configuration list for PBXNativeTarget "StyleLogsTests" */ = {
			isa = XCConfigurationList;
			buildConfigurations = (
				81E162041AF31C2E0071ED01 /* Debug */,
				81E162051AF31C2E0071ED01 /* Release */,
			);
			defaultConfigurationIsVisible = 0;
			defaultConfigurationName = Release;
		};
/* End XCConfigurationList section */
	};
	rootObject = 81E161D91AF31C2E0071ED01 /* Project object */;
}
